{
  "originHash" : "ac7a8b3c89189306fafff79842be1c9addc0a3faf5b97bab411a81122122615a",
  "pins" : [
    {
      "identity" : "swift-syntax",
      "kind" : "remoteSourceControl",
      "location" : "https://github.com/apple/swift-syntax.git",
      "state" : {
        "revision" : "06b5cdc432e93b60e3bdf53aff2857c6b312991a",
        "version" : "600.0.0-prerelease-2024-07-30"
      }
    }
  ],
  "version" : 3
}
